
Microsoft Visual Studio Solution File, Format Version 12.00
# Visual Studio Version 17
VisualStudioVersion = 17.5.33516.290
MinimumVisualStudioVersion = 10.0.40219.1
Project("{FAE04EC0-301F-11D3-BF4B-00C04F79EFBC}") = "RemindMe.Android", "RemindMe.Android\RemindMe.Android.csproj", "{86703E36-9AEA-4E4E-B56A-68DF8C4D0181}"
EndProject
Project("{9A19103F-16F7-4668-BE54-9A1E7A4F7556}") = "RemindMe", "RemindMe\RemindMe.csproj", "{06A5C57D-ECAF-46F5-9906-A384E07564EF}"
EndProject
Global
	GlobalSection(SolutionConfigurationPlatforms) = preSolution
		Debug|Any CPU = Debug|Any CPU
		Release|Any CPU = Release|Any CPU
	EndGlobalSection
	GlobalSection(ProjectConfigurationPlatforms) = postSolution
		{86703E36-9AEA-4E4E-B56A-68DF8C4D0181}.Debug|Any CPU.ActiveCfg = Debug|Any CPU
		{86703E36-9AEA-4E4E-B56A-68DF8C4D0181}.Debug|Any CPU.Build.0 = Debug|Any CPU
		{86703E36-9AEA-4E4E-B56A-68DF8C4D0181}.Debug|Any CPU.Deploy.0 = Debug|Any CPU
		{86703E36-9AEA-4E4E-B56A-68DF8C4D0181}.Release|Any CPU.ActiveCfg = Release|Any CPU
		{86703E36-9AEA-4E4E-B56A-68DF8C4D0181}.Release|Any CPU.Build.0 = Release|Any CPU
		{86703E36-9AEA-4E4E-B56A-68DF8C4D0181}.Release|Any CPU.Deploy.0 = Release|Any CPU
		{06A5C57D-ECAF-46F5-9906-A384E07564EF}.Debug|Any CPU.ActiveCfg = Debug|Any CPU
		{06A5C57D-ECAF-46F5-9906-A384E07564EF}.Debug|Any CPU.Build.0 = Debug|Any CPU
		{06A5C57D-ECAF-46F5-9906-A384E07564EF}.Debug|Any CPU.Deploy.0 = Debug|Any CPU
		{06A5C57D-ECAF-46F5-9906-A384E07564EF}.Release|Any CPU.ActiveCfg = Release|Any CPU
		{06A5C57D-ECAF-46F5-9906-A384E07564EF}.Release|Any CPU.Build.0 = Release|Any CPU
		{06A5C57D-ECAF-46F5-9906-A384E07564EF}.Release|Any CPU.Deploy.0 = Release|Any CPU
	EndGlobalSection
	GlobalSection(SolutionProperties) = preSolution
		HideSolutionNode = FALSE
	EndGlobalSection
	GlobalSection(ExtensibilityGlobals) = postSolution
		SolutionGuid = {CBEEAC91-EF59-435C-B1B0-BA848ECF4B0B}
	EndGlobalSection
EndGlobal
